// !$*UTF8*$!
{
	archiveVersion = 1;
	classes = {
	};
	objectVersion = 50;
	objects = {

/* Begin PBXBuildFile section */
		532E39132297B0900091D860 /* SwiftTCI.swift in Sources */ = {isa = PBXBuildFile; fileRef = 532E39122297B0900091D860 /* SwiftTCI.swift */; };
		532E391A2297B0A20091D860 /* base.swift in Sources */ = {isa = PBXBuildFile; fileRef = 532E39192297B0A20091D860 /* base.swift */; };
		532E391C2297E68E0091D860 /* LeanBodyMass.swift in Sources */ = {isa = PBXBuildFile; fileRef = 532E391B2297E68E0091D860 /* LeanBodyMass.swift */; };
		532E39262297ED070091D860 /* libSwiftTCI.a in Frameworks */ = {isa = PBXBuildFile; fileRef = 532E390F2297B0900091D860 /* libSwiftTCI.a */; };
		532E39322298DAE20091D860 /* Propofol.swift in Sources */ = {isa = PBXBuildFile; fileRef = 532E39312298DAE20091D860 /* Propofol.swift */; };
		532E3935229A2AD50091D860 /* Nimble.framework in Frameworks */ = {isa = PBXBuildFile; fileRef = 532E3934229A2AD50091D860 /* Nimble.framework */; };
		532E3937229A2AD50091D860 /* Quick.framework in Frameworks */ = {isa = PBXBuildFile; fileRef = 532E3936229A2AD50091D860 /* Quick.framework */; };
		537107D5229B9DC300FE3B3C /* Remifentanil.swift in Sources */ = {isa = PBXBuildFile; fileRef = 537107D4229B9DC300FE3B3C /* Remifentanil.swift */; };
		537107D7229BA74200FE3B3C /* RemifentanilTests.swift in Sources */ = {isa = PBXBuildFile; fileRef = 537107D6229BA74200FE3B3C /* RemifentanilTests.swift */; };
		537107D9229BA78800FE3B3C /* AlfentanilTests.swift in Sources */ = {isa = PBXBuildFile; fileRef = 537107D8229BA78800FE3B3C /* AlfentanilTests.swift */; };
		537107DB229BACA000FE3B3C /* Alfentanil.swift in Sources */ = {isa = PBXBuildFile; fileRef = 537107DA229BACA000FE3B3C /* Alfentanil.swift */; };
		53AA6878229A61C500BFB492 /* TestLeanBodyMass.swift in Sources */ = {isa = PBXBuildFile; fileRef = 53AA6877229A61C500BFB492 /* TestLeanBodyMass.swift */; };
		53AA687A229B3E9000BFB492 /* TestPropofol.swift in Sources */ = {isa = PBXBuildFile; fileRef = 53AA6879229B3E9000BFB492 /* TestPropofol.swift */; };
/* End PBXBuildFile section */

/* Begin PBXContainerItemProxy section */
		532E39272297ED070091D860 /* PBXContainerItemProxy */ = {
			isa = PBXContainerItemProxy;
			containerPortal = 532E39072297B0900091D860 /* Project object */;
			proxyType = 1;
			remoteGlobalIDString = 532E390E2297B0900091D860;
			remoteInfo = SwiftTCI;
		};
/* End PBXContainerItemProxy section */

/* Begin PBXCopyFilesBuildPhase section */
		532E390D2297B0900091D860 /* CopyFiles */ = {
			isa = PBXCopyFilesBuildPhase;
			buildActionMask = 2147483647;
			dstPath = "include/$(PRODUCT_NAME)";
			dstSubfolderSpec = 16;
			files = (
			);
			runOnlyForDeploymentPostprocessing = 0;
		};
/* End PBXCopyFilesBuildPhase section */

/* Begin PBXFileReference section */
		532E390F2297B0900091D860 /* libSwiftTCI.a */ = {isa = PBXFileReference; explicitFileType = archive.ar; includeInIndex = 0; path = libSwiftTCI.a; sourceTree = BUILT_PRODUCTS_DIR; };
		532E39122297B0900091D860 /* SwiftTCI.swift */ = {isa = PBXFileReference; lastKnownFileType = sourcecode.swift; path = SwiftTCI.swift; sourceTree = "<group>"; };
		532E39192297B0A20091D860 /* base.swift */ = {isa = PBXFileReference; lastKnownFileType = sourcecode.swift; path = base.swift; sourceTree = "<group>"; };
		532E391B2297E68E0091D860 /* LeanBodyMass.swift */ = {isa = PBXFileReference; lastKnownFileType = sourcecode.swift; path = LeanBodyMass.swift; sourceTree = "<group>"; };
		532E39212297ED070091D860 /* Tests.xctest */ = {isa = PBXFileReference; explicitFileType = wrapper.cfbundle; includeInIndex = 0; path = Tests.xctest; sourceTree = BUILT_PRODUCTS_DIR; };
		532E39252297ED070091D860 /* Info.plist */ = {isa = PBXFileReference; lastKnownFileType = text.plist.xml; path = Info.plist; sourceTree = "<group>"; };
		532E392C2298D94B0091D860 /* Cartfile */ = {isa = PBXFileReference; lastKnownFileType = text; path = Cartfile; sourceTree = "<group>"; };
		532E392D2298D9690091D860 /* Cartfile.private */ = {isa = PBXFileReference; lastKnownFileType = text; path = Cartfile.private; sourceTree = "<group>"; };
		532E392E2298D9B20091D860 /* .gitignore */ = {isa = PBXFileReference; lastKnownFileType = text; path = .gitignore; sourceTree = "<group>"; };
		532E39302298D9DF0091D860 /* setup */ = {isa = PBXFileReference; lastKnownFileType = text; path = setup; sourceTree = "<group>"; };
		532E39312298DAE20091D860 /* Propofol.swift */ = {isa = PBXFileReference; lastKnownFileType = sourcecode.swift; path = Propofol.swift; sourceTree = "<group>"; };
		532E3934229A2AD50091D860 /* Nimble.framework */ = {isa = PBXFileReference; explicitFileType = wrapper.framework; path = Nimble.framework; sourceTree = BUILT_PRODUCTS_DIR; };
		532E3936229A2AD50091D860 /* Quick.framework */ = {isa = PBXFileReference; explicitFileType = wrapper.framework; path = Quick.framework; sourceTree = BUILT_PRODUCTS_DIR; };
		537107D4229B9DC300FE3B3C /* Remifentanil.swift */ = {isa = PBXFileReference; lastKnownFileType = sourcecode.swift; path = Remifentanil.swift; sourceTree = "<group>"; };
		537107D6229BA74200FE3B3C /* RemifentanilTests.swift */ = {isa = PBXFileReference; lastKnownFileType = sourcecode.swift; path = RemifentanilTests.swift; sourceTree = "<group>"; };
		537107D8229BA78800FE3B3C /* AlfentanilTests.swift */ = {isa = PBXFileReference; lastKnownFileType = sourcecode.swift; path = AlfentanilTests.swift; sourceTree = "<group>"; };
		537107DA229BACA000FE3B3C /* Alfentanil.swift */ = {isa = PBXFileReference; lastKnownFileType = sourcecode.swift; path = Alfentanil.swift; sourceTree = "<group>"; };
		53AA6877229A61C500BFB492 /* TestLeanBodyMass.swift */ = {isa = PBXFileReference; lastKnownFileType = sourcecode.swift; path = TestLeanBodyMass.swift; sourceTree = "<group>"; };
		53AA6879229B3E9000BFB492 /* TestPropofol.swift */ = {isa = PBXFileReference; lastKnownFileType = sourcecode.swift; path = TestPropofol.swift; sourceTree = "<group>"; };
/* End PBXFileReference section */

/* Begin PBXFrameworksBuildPhase section */
		532E390C2297B0900091D860 /* Frameworks */ = {
			isa = PBXFrameworksBuildPhase;
			buildActionMask = 2147483647;
			files = (
			);
			runOnlyForDeploymentPostprocessing = 0;
		};
		532E391E2297ED070091D860 /* Frameworks */ = {
			isa = PBXFrameworksBuildPhase;
			buildActionMask = 2147483647;
			files = (
				532E3935229A2AD50091D860 /* Nimble.framework in Frameworks */,
				532E3937229A2AD50091D860 /* Quick.framework in Frameworks */,
				532E39262297ED070091D860 /* libSwiftTCI.a in Frameworks */,
			);
			runOnlyForDeploymentPostprocessing = 0;
		};
/* End PBXFrameworksBuildPhase section */

/* Begin PBXGroup section */
		532E39062297B0900091D860 = {
			isa = PBXGroup;
			children = (
				532E392F2298D9C20091D860 /* bin */,
				532E392E2298D9B20091D860 /* .gitignore */,
				532E392C2298D94B0091D860 /* Cartfile */,
				532E392D2298D9690091D860 /* Cartfile.private */,
				532E39112297B0900091D860 /* SwiftTCI */,
				532E39222297ED070091D860 /* Tests */,
				532E39102297B0900091D860 /* Products */,
				532E3933229A2AD50091D860 /* Frameworks */,
			);
			sourceTree = "<group>";
		};
		532E39102297B0900091D860 /* Products */ = {
			isa = PBXGroup;
			children = (
				532E390F2297B0900091D860 /* libSwiftTCI.a */,
				532E39212297ED070091D860 /* Tests.xctest */,
			);
			name = Products;
			sourceTree = "<group>";
		};
		532E39112297B0900091D860 /* SwiftTCI */ = {
			isa = PBXGroup;
			children = (
				532E391B2297E68E0091D860 /* LeanBodyMass.swift */,
				532E39192297B0A20091D860 /* base.swift */,
				532E39312298DAE20091D860 /* Propofol.swift */,
				532E39122297B0900091D860 /* SwiftTCI.swift */,
				537107D4229B9DC300FE3B3C /* Remifentanil.swift */,
				537107DA229BACA000FE3B3C /* Alfentanil.swift */,
			);
			path = SwiftTCI;
			sourceTree = "<group>";
		};
		532E39222297ED070091D860 /* Tests */ = {
			isa = PBXGroup;
			children = (
				532E39252297ED070091D860 /* Info.plist */,
				53AA6877229A61C500BFB492 /* TestLeanBodyMass.swift */,
				53AA6879229B3E9000BFB492 /* TestPropofol.swift */,
				537107D6229BA74200FE3B3C /* RemifentanilTests.swift */,
				537107D8229BA78800FE3B3C /* AlfentanilTests.swift */,
			);
			path = Tests;
			sourceTree = "<group>";
		};
		532E392F2298D9C20091D860 /* bin */ = {
			isa = PBXGroup;
			children = (
				532E39302298D9DF0091D860 /* setup */,
			);
			path = bin;
			sourceTree = "<group>";
		};
		532E3933229A2AD50091D860 /* Frameworks */ = {
			isa = PBXGroup;
			children = (
				532E3934229A2AD50091D860 /* Nimble.framework */,
				532E3936229A2AD50091D860 /* Quick.framework */,
			);
			name = Frameworks;
			sourceTree = "<group>";
		};
/* End PBXGroup section */

/* Begin PBXNativeTarget section */
		532E390E2297B0900091D860 /* SwiftTCI */ = {
			isa = PBXNativeTarget;
			buildConfigurationList = 532E39162297B0900091D860 /* Build configuration list for PBXNativeTarget "SwiftTCI" */;
			buildPhases = (
				532E390B2297B0900091D860 /* Sources */,
				532E390C2297B0900091D860 /* Frameworks */,
				532E390D2297B0900091D860 /* CopyFiles */,
			);
			buildRules = (
			);
			dependencies = (
			);
			name = SwiftTCI;
			productName = SwiftTCI;
			productReference = 532E390F2297B0900091D860 /* libSwiftTCI.a */;
			productType = "com.apple.product-type.library.static";
		};
		532E39202297ED070091D860 /* Tests */ = {
			isa = PBXNativeTarget;
			buildConfigurationList = 532E39292297ED070091D860 /* Build configuration list for PBXNativeTarget "Tests" */;
			buildPhases = (
				532E391D2297ED070091D860 /* Sources */,
				532E391E2297ED070091D860 /* Frameworks */,
				532E391F2297ED070091D860 /* Resources */,
			);
			buildRules = (
			);
			dependencies = (
				532E39282297ED070091D860 /* PBXTargetDependency */,
			);
			name = Tests;
			productName = Tests;
			productReference = 532E39212297ED070091D860 /* Tests.xctest */;
			productType = "com.apple.product-type.bundle.unit-test";
		};
/* End PBXNativeTarget section */

/* Begin PBXProject section */
		532E39072297B0900091D860 /* Project object */ = {
			isa = PBXProject;
			attributes = {
				LastSwiftUpdateCheck = 1020;
				LastUpgradeCheck = 1020;
				ORGANIZATIONNAME = "Ross Scott-Weekly";
				TargetAttributes = {
					532E390E2297B0900091D860 = {
						CreatedOnToolsVersion = 10.2.1;
					};
					532E39202297ED070091D860 = {
						CreatedOnToolsVersion = 10.2.1;
					};
				};
			};
			buildConfigurationList = 532E390A2297B0900091D860 /* Build configuration list for PBXProject "SwiftTCI" */;
			compatibilityVersion = "Xcode 9.3";
			developmentRegion = en;
			hasScannedForEncodings = 0;
			knownRegions = (
				en,
			);
			mainGroup = 532E39062297B0900091D860;
			productRefGroup = 532E39102297B0900091D860 /* Products */;
			projectDirPath = "";
			projectRoot = "";
			targets = (
				532E390E2297B0900091D860 /* SwiftTCI */,
				532E39202297ED070091D860 /* Tests */,
			);
		};
/* End PBXProject section */

/* Begin PBXResourcesBuildPhase section */
		532E391F2297ED070091D860 /* Resources */ = {
			isa = PBXResourcesBuildPhase;
			buildActionMask = 2147483647;
			files = (
			);
			runOnlyForDeploymentPostprocessing = 0;
		};
/* End PBXResourcesBuildPhase section */

/* Begin PBXSourcesBuildPhase section */
		532E390B2297B0900091D860 /* Sources */ = {
			isa = PBXSourcesBuildPhase;
			buildActionMask = 2147483647;
			files = (
				537107D5229B9DC300FE3B3C /* Remifentanil.swift in Sources */,
				537107DB229BACA000FE3B3C /* Alfentanil.swift in Sources */,
				532E391C2297E68E0091D860 /* LeanBodyMass.swift in Sources */,
				532E391A2297B0A20091D860 /* base.swift in Sources */,
				532E39322298DAE20091D860 /* Propofol.swift in Sources */,
				532E39132297B0900091D860 /* SwiftTCI.swift in Sources */,
			);
			runOnlyForDeploymentPostprocessing = 0;
		};
		532E391D2297ED070091D860 /* Sources */ = {
			isa = PBXSourcesBuildPhase;
			buildActionMask = 2147483647;
			files = (
				53AA687A229B3E9000BFB492 /* TestPropofol.swift in Sources */,
				537107D9229BA78800FE3B3C /* AlfentanilTests.swift in Sources */,
				53AA6878229A61C500BFB492 /* TestLeanBodyMass.swift in Sources */,
				537107D7229BA74200FE3B3C /* RemifentanilTests.swift in Sources */,
			);
			runOnlyForDeploymentPostprocessing = 0;
		};
/* End PBXSourcesBuildPhase section */

/* Begin PBXTargetDependency section */
		532E39282297ED070091D860 /* PBXTargetDependency */ = {
			isa = PBXTargetDependency;
			target = 532E390E2297B0900091D860 /* SwiftTCI */;
			targetProxy = 532E39272297ED070091D860 /* PBXContainerItemProxy */;
		};
/* End PBXTargetDependency section */

/* Begin XCBuildConfiguration section */
		532E39142297B0900091D860 /* Debug */ = {
			isa = XCBuildConfiguration;
			buildSettings = {
				ALWAYS_SEARCH_USER_PATHS = NO;
				CLANG_ANALYZER_NONNULL = YES;
				CLANG_ANALYZER_NUMBER_OBJECT_CONVERSION = YES_AGGRESSIVE;
				CLANG_CXX_LANGUAGE_STANDARD = "gnu++14";
				CLANG_CXX_LIBRARY = "libc++";
				CLANG_ENABLE_MODULES = YES;
				CLANG_ENABLE_OBJC_ARC = YES;
				CLANG_ENABLE_OBJC_WEAK = YES;
				CLANG_WARN_BLOCK_CAPTURE_AUTORELEASING = YES;
				CLANG_WARN_BOOL_CONVERSION = YES;
				CLANG_WARN_COMMA = YES;
				CLANG_WARN_CONSTANT_CONVERSION = YES;
				CLANG_WARN_DEPRECATED_OBJC_IMPLEMENTATIONS = YES;
				CLANG_WARN_DIRECT_OBJC_ISA_USAGE = YES_ERROR;
				CLANG_WARN_DOCUMENTATION_COMMENTS = YES;
				CLANG_WARN_EMPTY_BODY = YES;
				CLANG_WARN_ENUM_CONVERSION = YES;
				CLANG_WARN_INFINITE_RECURSION = YES;
				CLANG_WARN_INT_CONVERSION = YES;
				CLANG_WARN_NON_LITERAL_NULL_CONVERSION = YES;
				CLANG_WARN_OBJC_IMPLICIT_RETAIN_SELF = YES;
				CLANG_WARN_OBJC_LITERAL_CONVERSION = YES;
				CLANG_WARN_OBJC_ROOT_CLASS = YES_ERROR;
				CLANG_WARN_RANGE_LOOP_ANALYSIS = YES;
				CLANG_WARN_STRICT_PROTOTYPES = YES;
				CLANG_WARN_SUSPICIOUS_MOVE = YES;
				CLANG_WARN_UNGUARDED_AVAILABILITY = YES_AGGRESSIVE;
				CLANG_WARN_UNREACHABLE_CODE = YES;
				CLANG_WARN__DUPLICATE_METHOD_MATCH = YES;
				CODE_SIGN_IDENTITY = "iPhone Developer";
				COPY_PHASE_STRIP = NO;
				DEBUG_INFORMATION_FORMAT = dwarf;
				ENABLE_STRICT_OBJC_MSGSEND = YES;
				ENABLE_TESTABILITY = YES;
				GCC_C_LANGUAGE_STANDARD = gnu11;
				GCC_DYNAMIC_NO_PIC = NO;
				GCC_NO_COMMON_BLOCKS = YES;
				GCC_OPTIMIZATION_LEVEL = 0;
				GCC_PREPROCESSOR_DEFINITIONS = (
					"DEBUG=1",
					"$(inherited)",
				);
				GCC_WARN_64_TO_32_BIT_CONVERSION = YES;
				GCC_WARN_ABOUT_RETURN_TYPE = YES_ERROR;
				GCC_WARN_UNDECLARED_SELECTOR = YES;
				GCC_WARN_UNINITIALIZED_AUTOS = YES_AGGRESSIVE;
				GCC_WARN_UNUSED_FUNCTION = YES;
				GCC_WARN_UNUSED_VARIABLE = YES;
				IPHONEOS_DEPLOYMENT_TARGET = 12.2;
				MTL_ENABLE_DEBUG_INFO = INCLUDE_SOURCE;
				MTL_FAST_MATH = YES;
				ONLY_ACTIVE_ARCH = YES;
				SDKROOT = iphoneos;
				SWIFT_ACTIVE_COMPILATION_CONDITIONS = DEBUG;
				SWIFT_OPTIMIZATION_LEVEL = "-Onone";
			};
			name = Debug;
		};
		532E39152297B0900091D860 /* Release */ = {
			isa = XCBuildConfiguration;
			buildSettings = {
				ALWAYS_SEARCH_USER_PATHS = NO;
				CLANG_ANALYZER_NONNULL = YES;
				CLANG_ANALYZER_NUMBER_OBJECT_CONVERSION = YES_AGGRESSIVE;
				CLANG_CXX_LANGUAGE_STANDARD = "gnu++14";
				CLANG_CXX_LIBRARY = "libc++";
				CLANG_ENABLE_MODULES = YES;
				CLANG_ENABLE_OBJC_ARC = YES;
				CLANG_ENABLE_OBJC_WEAK = YES;
				CLANG_WARN_BLOCK_CAPTURE_AUTORELEASING = YES;
				CLANG_WARN_BOOL_CONVERSION = YES;
				CLANG_WARN_COMMA = YES;
				CLANG_WARN_CONSTANT_CONVERSION = YES;
				CLANG_WARN_DEPRECATED_OBJC_IMPLEMENTATIONS = YES;
				CLANG_WARN_DIRECT_OBJC_ISA_USAGE = YES_ERROR;
				CLANG_WARN_DOCUMENTATION_COMMENTS = YES;
				CLANG_WARN_EMPTY_BODY = YES;
				CLANG_WARN_ENUM_CONVERSION = YES;
				CLANG_WARN_INFINITE_RECURSION = YES;
				CLANG_WARN_INT_CONVERSION = YES;
				CLANG_WARN_NON_LITERAL_NULL_CONVERSION = YES;
				CLANG_WARN_OBJC_IMPLICIT_RETAIN_SELF = YES;
				CLANG_WARN_OBJC_LITERAL_CONVERSION = YES;
				CLANG_WARN_OBJC_ROOT_CLASS = YES_ERROR;
				CLANG_WARN_RANGE_LOOP_ANALYSIS = YES;
				CLANG_WARN_STRICT_PROTOTYPES = YES;
				CLANG_WARN_SUSPICIOUS_MOVE = YES;
				CLANG_WARN_UNGUARDED_AVAILABILITY = YES_AGGRESSIVE;
				CLANG_WARN_UNREACHABLE_CODE = YES;
				CLANG_WARN__DUPLICATE_METHOD_MATCH = YES;
				CODE_SIGN_IDENTITY = "iPhone Developer";
				COPY_PHASE_STRIP = NO;
				DEBUG_INFORMATION_FORMAT = "dwarf-with-dsym";
				ENABLE_NS_ASSERTIONS = NO;
				ENABLE_STRICT_OBJC_MSGSEND = YES;
				GCC_C_LANGUAGE_STANDARD = gnu11;
				GCC_NO_COMMON_BLOCKS = YES;
				GCC_WARN_64_TO_32_BIT_CONVERSION = YES;
				GCC_WARN_ABOUT_RETURN_TYPE = YES_ERROR;
				GCC_WARN_UNDECLARED_SELECTOR = YES;
				GCC_WARN_UNINITIALIZED_AUTOS = YES_AGGRESSIVE;
				GCC_WARN_UNUSED_FUNCTION = YES;
				GCC_WARN_UNUSED_VARIABLE = YES;
				IPHONEOS_DEPLOYMENT_TARGET = 12.2;
				MTL_ENABLE_DEBUG_INFO = NO;
				MTL_FAST_MATH = YES;
				SDKROOT = iphoneos;
				SWIFT_COMPILATION_MODE = wholemodule;
				SWIFT_OPTIMIZATION_LEVEL = "-O";
				VALIDATE_PRODUCT = YES;
			};
			name = Release;
		};
		532E39172297B0900091D860 /* Debug */ = {
			isa = XCBuildConfiguration;
			buildSettings = {
				CODE_SIGN_STYLE = Automatic;
				OTHER_LDFLAGS = "-ObjC";
				PRODUCT_NAME = "$(TARGET_NAME)";
				SKIP_INSTALL = YES;
				SWIFT_VERSION = 5.0;
				TARGETED_DEVICE_FAMILY = "1,2";
			};
			name = Debug;
		};
		532E39182297B0900091D860 /* Release */ = {
			isa = XCBuildConfiguration;
			buildSettings = {
				CODE_SIGN_STYLE = Automatic;
				OTHER_LDFLAGS = "-ObjC";
				PRODUCT_NAME = "$(TARGET_NAME)";
				SKIP_INSTALL = YES;
				SWIFT_VERSION = 5.0;
				TARGETED_DEVICE_FAMILY = "1,2";
			};
			name = Release;
		};
		532E392A2297ED070091D860 /* Debug */ = {
			isa = XCBuildConfiguration;
			buildSettings = {
				CODE_SIGN_STYLE = Automatic;
				INFOPLIST_FILE = Tests/Info.plist;
				LD_RUNPATH_SEARCH_PATHS = (
					"$(inherited)",
					"@executable_path/Frameworks",
					"@loader_path/Frameworks",
				);
				PRODUCT_BUNDLE_IDENTIFIER = au.com.scottweekly.Tests;
				PRODUCT_NAME = "$(TARGET_NAME)";
				SWIFT_VERSION = 5.0;
				TARGETED_DEVICE_FAMILY = "1,2";
			};
			name = Debug;
		};
		532E392B2297ED070091D860 /* Release */ = {
			isa = XCBuildConfiguration;
			buildSettings = {
				CODE_SIGN_STYLE = Automatic;
				INFOPLIST_FILE = Tests/Info.plist;
				LD_RUNPATH_SEARCH_PATHS = (
					"$(inherited)",
					"@executable_path/Frameworks",
					"@loader_path/Frameworks",
				);
				PRODUCT_BUNDLE_IDENTIFIER = au.com.scottweekly.Tests;
				PRODUCT_NAME = "$(TARGET_NAME)";
				SWIFT_VERSION = 5.0;
				TARGETED_DEVICE_FAMILY = "1,2";
			};
			name = Release;
		};
/* End XCBuildConfiguration section */

/* Begin XCConfigurationList section */
		532E390A2297B0900091D860 /* Build configuration list for PBXProject "SwiftTCI" */ = {
			isa = XCConfigurationList;
			buildConfigurations = (
				532E39142297B0900091D860 /* Debug */,
				532E39152297B0900091D860 /* Release */,
			);
			defaultConfigurationIsVisible = 0;
			defaultConfigurationName = Release;
		};
		532E39162297B0900091D860 /* Build configuration list for PBXNativeTarget "SwiftTCI" */ = {
			isa = XCConfigurationList;
			buildConfigurations = (
				532E39172297B0900091D860 /* Debug */,
				532E39182297B0900091D860 /* Release */,
			);
			defaultConfigurationIsVisible = 0;
			defaultConfigurationName = Release;
		};
		532E39292297ED070091D860 /* Build configuration list for PBXNativeTarget "Tests" */ = {
			isa = XCConfigurationList;
			buildConfigurations = (
				532E392A2297ED070091D860 /* Debug */,
				532E392B2297ED070091D860 /* Release */,
			);
			defaultConfigurationIsVisible = 0;
			defaultConfigurationName = Release;
		};
/* End XCConfigurationList section */
	};
	rootObject = 532E39072297B0900091D860 /* Project object */;
}
